
Microsoft Visual Studio Solution File, Format Version 12.00
# Visual Studio Version 17
VisualStudioVersion = 17.1.32210.238
MinimumVisualStudioVersion = 10.0.40219.1
Project("{FAE04EC0-301F-11D3-BF4B-00C04F79EFBC}") = "MusicTool", "MusicTool\MusicTool.csproj", "{EE65AFFD-A296-4332-A295-5C40929265BE}"
EndProject
Global
	GlobalSection(SolutionConfigurationPlatforms) = preSolution
		Debug|Any CPU = Debug|Any CPU
		Release|Any CPU = Release|Any CPU
	EndGlobalSection
	GlobalSection(ProjectConfigurationPlatforms) = postSolution
		{EE65AFFD-A296-4332-A295-5C40929265BE}.Debug|Any CPU.ActiveCfg = Debug|Any CPU
		{EE65AFFD-A296-4332-A295-5C40929265BE}.Debug|Any CPU.Build.0 = Debug|Any CPU
		{EE65AFFD-A296-4332-A295-5C40929265BE}.Release|Any CPU.ActiveCfg = Release|Any CPU
		{EE65AFFD-A296-4332-A295-5C40929265BE}.Release|Any CPU.Build.0 = Release|Any CPU
	EndGlobalSection
	GlobalSection(SolutionProperties) = preSolution
		HideSolutionNode = FALSE
	EndGlobalSection
	GlobalSection(ExtensibilityGlobals) = postSolution
		SolutionGuid = {CE427872-B6AB-48DE-9B81-5D641123AE23}
	EndGlobalSection
EndGlobal
